
Microsoft Visual Studio Solution File, Format Version 12.00
# Visual Studio 15
VisualStudioVersion = 15.0.28307.1300
MinimumVisualStudioVersion = 10.0.40219.1
Project("{FAE04EC0-301F-11D3-BF4B-00C04F79EFBC}") = "FED1StudioProject", "FED1StudioProject\FED1StudioProject.csproj", "{5D614562-FA89-405E-BDA8-FAEB259C20A0}"
EndProject
Global
	GlobalSection(SolutionConfigurationPlatforms) = preSolution
		Debug|Any CPU = Debug|Any CPU
		Release|Any CPU = Release|Any CPU
	EndGlobalSection
	GlobalSection(ProjectConfigurationPlatforms) = postSolution
		{5D614562-FA89-405E-BDA8-FAEB259C20A0}.Debug|Any CPU.ActiveCfg = Debug|Any CPU
		{5D614562-FA89-405E-BDA8-FAEB259C20A0}.Debug|Any CPU.Build.0 = Debug|Any CPU
		{5D614562-FA89-405E-BDA8-FAEB259C20A0}.Release|Any CPU.ActiveCfg = Release|Any CPU
		{5D614562-FA89-405E-BDA8-FAEB259C20A0}.Release|Any CPU.Build.0 = Release|Any CPU
	EndGlobalSection
	GlobalSection(SolutionProperties) = preSolution
		HideSolutionNode = FALSE
	EndGlobalSection
	GlobalSection(ExtensibilityGlobals) = postSolution
		SolutionGuid = {6263AFCA-51FE-41F4-B32B-85EF03CEF8B1}
	EndGlobalSection
EndGlobal
